
Microsoft Visual Studio Solution File, Format Version 12.00
# Visual Studio Version 16
VisualStudioVersion = 16.0.30523.141
MinimumVisualStudioVersion = 10.0.40219.1
Project("{FAE04EC0-301F-11D3-BF4B-00C04F79EFBC}") = "ConsoleProject", "ConsoleProject\ConsoleProject.csproj", "{FD2F3FDD-B537-41E9-A402-3CC6C55C6BA6}"
EndProject
Project("{FAE04EC0-301F-11D3-BF4B-00C04F79EFBC}") = "FormProject", "FormProject\FormProject.csproj", "{2FD2FAF7-9ACA-4DCE-A8CE-76A9FCC9EF75}"
EndProject
Global
	GlobalSection(SolutionConfigurationPlatforms) = preSolution
		Debug|Any CPU = Debug|Any CPU
		Release|Any CPU = Release|Any CPU
	EndGlobalSection
	GlobalSection(ProjectConfigurationPlatforms) = postSolution
		{FD2F3FDD-B537-41E9-A402-3CC6C55C6BA6}.Debug|Any CPU.ActiveCfg = Debug|Any CPU
		{FD2F3FDD-B537-41E9-A402-3CC6C55C6BA6}.Debug|Any CPU.Build.0 = Debug|Any CPU
		{FD2F3FDD-B537-41E9-A402-3CC6C55C6BA6}.Release|Any CPU.ActiveCfg = Release|Any CPU
		{FD2F3FDD-B537-41E9-A402-3CC6C55C6BA6}.Release|Any CPU.Build.0 = Release|Any CPU
		{2FD2FAF7-9ACA-4DCE-A8CE-76A9FCC9EF75}.Debug|Any CPU.ActiveCfg = Debug|Any CPU
		{2FD2FAF7-9ACA-4DCE-A8CE-76A9FCC9EF75}.Debug|Any CPU.Build.0 = Debug|Any CPU
		{2FD2FAF7-9ACA-4DCE-A8CE-76A9FCC9EF75}.Release|Any CPU.ActiveCfg = Release|Any CPU
		{2FD2FAF7-9ACA-4DCE-A8CE-76A9FCC9EF75}.Release|Any CPU.Build.0 = Release|Any CPU
	EndGlobalSection
	GlobalSection(SolutionProperties) = preSolution
		HideSolutionNode = FALSE
	EndGlobalSection
	GlobalSection(ExtensibilityGlobals) = postSolution
		SolutionGuid = {2D3EF387-87DE-4083-90F5-031DC7438A14}
	EndGlobalSection
EndGlobal
